
Microsoft Visual Studio Solution File, Format Version 12.00
# Visual Studio Version 16
VisualStudioVersion = 16.0.31205.134
MinimumVisualStudioVersion = 10.0.40219.1
Project("{9A19103F-16F7-4668-BE54-9A1E7A4F7556}") = "Notify", "Notify\Notify.csproj", "{C0B09F36-A831-41D1-8772-2B759EC65317}"
EndProject
Project("{9A19103F-16F7-4668-BE54-9A1E7A4F7556}") = "NotifyTests", "NotifyWriterTests\NotifyTests.csproj", "{6BCE0058-8568-4181-AE35-CC6D837397D9}"
EndProject
Project("{9A19103F-16F7-4668-BE54-9A1E7A4F7556}") = "CommonTests", "TestsCommon\CommonTests.csproj", "{53FCCF27-02EA-42B6-BF56-BE6C27C37D79}"
EndProject
Project("{FAE04EC0-301F-11D3-BF4B-00C04F79EFBC}") = "Services", "Services\Services.csproj", "{C6C972BB-13F7-431E-B4CB-9028ABCEF501}"
EndProject
Project("{FAE04EC0-301F-11D3-BF4B-00C04F79EFBC}") = "Common", "Common\Common.csproj", "{1F8B2312-955A-4611-B9EC-99F5D7D06C75}"
EndProject
Project("{2150E333-8FDC-42A3-9474-1A3956D46DE8}") = "Tests", "Tests", "{B20BEFFC-0B97-4329-8D41-FD81A3BF5C5D}"
EndProject
Global
	GlobalSection(SolutionConfigurationPlatforms) = preSolution
		Debug|Any CPU = Debug|Any CPU
		Release|Any CPU = Release|Any CPU
	EndGlobalSection
	GlobalSection(ProjectConfigurationPlatforms) = postSolution
		{C0B09F36-A831-41D1-8772-2B759EC65317}.Debug|Any CPU.ActiveCfg = Debug|Any CPU
		{C0B09F36-A831-41D1-8772-2B759EC65317}.Debug|Any CPU.Build.0 = Debug|Any CPU
		{C0B09F36-A831-41D1-8772-2B759EC65317}.Release|Any CPU.ActiveCfg = Release|Any CPU
		{C0B09F36-A831-41D1-8772-2B759EC65317}.Release|Any CPU.Build.0 = Release|Any CPU
		{6BCE0058-8568-4181-AE35-CC6D837397D9}.Debug|Any CPU.ActiveCfg = Debug|Any CPU
		{6BCE0058-8568-4181-AE35-CC6D837397D9}.Debug|Any CPU.Build.0 = Debug|Any CPU
		{6BCE0058-8568-4181-AE35-CC6D837397D9}.Release|Any CPU.ActiveCfg = Release|Any CPU
		{6BCE0058-8568-4181-AE35-CC6D837397D9}.Release|Any CPU.Build.0 = Release|Any CPU
		{53FCCF27-02EA-42B6-BF56-BE6C27C37D79}.Debug|Any CPU.ActiveCfg = Debug|Any CPU
		{53FCCF27-02EA-42B6-BF56-BE6C27C37D79}.Debug|Any CPU.Build.0 = Debug|Any CPU
		{53FCCF27-02EA-42B6-BF56-BE6C27C37D79}.Release|Any CPU.ActiveCfg = Release|Any CPU
		{53FCCF27-02EA-42B6-BF56-BE6C27C37D79}.Release|Any CPU.Build.0 = Release|Any CPU
		{C6C972BB-13F7-431E-B4CB-9028ABCEF501}.Debug|Any CPU.ActiveCfg = Debug|Any CPU
		{C6C972BB-13F7-431E-B4CB-9028ABCEF501}.Debug|Any CPU.Build.0 = Debug|Any CPU
		{C6C972BB-13F7-431E-B4CB-9028ABCEF501}.Release|Any CPU.ActiveCfg = Release|Any CPU
		{C6C972BB-13F7-431E-B4CB-9028ABCEF501}.Release|Any CPU.Build.0 = Release|Any CPU
		{1F8B2312-955A-4611-B9EC-99F5D7D06C75}.Debug|Any CPU.ActiveCfg = Debug|Any CPU
		{1F8B2312-955A-4611-B9EC-99F5D7D06C75}.Debug|Any CPU.Build.0 = Debug|Any CPU
		{1F8B2312-955A-4611-B9EC-99F5D7D06C75}.Release|Any CPU.ActiveCfg = Release|Any CPU
		{1F8B2312-955A-4611-B9EC-99F5D7D06C75}.Release|Any CPU.Build.0 = Release|Any CPU
	EndGlobalSection
	GlobalSection(SolutionProperties) = preSolution
		HideSolutionNode = FALSE
	EndGlobalSection
	GlobalSection(NestedProjects) = preSolution
		{6BCE0058-8568-4181-AE35-CC6D837397D9} = {B20BEFFC-0B97-4329-8D41-FD81A3BF5C5D}
		{53FCCF27-02EA-42B6-BF56-BE6C27C37D79} = {B20BEFFC-0B97-4329-8D41-FD81A3BF5C5D}
	EndGlobalSection
	GlobalSection(ExtensibilityGlobals) = postSolution
		SolutionGuid = {6C82A72F-61B7-4D24-94E1-2C465F2EDD79}
	EndGlobalSection
EndGlobal
